// !$*UTF8*$!
{
	archiveVersion = 1;
	classes = {
	};
	objectVersion = 46;
	objects = {

/* Begin PBXBuildFile section */
		0D8B46ED1DAF954500DD16A9 /* main.m in Sources */ = {isa = PBXBuildFile; fileRef = 0D8B46EC1DAF954500DD16A9 /* main.m */; };
		0D8B46F51DAF956E00DD16A9 /* NSString+Base62.m in Sources */ = {isa = PBXBuildFile; fileRef = 0D8B46F41DAF956E00DD16A9 /* NSString+Base62.m */; };
		0D8B46F81DAF98A000DD16A9 /* CommandLineParser.m in Sources */ = {isa = PBXBuildFile; fileRef = 0D8B46F71DAF98A000DD16A9 /* CommandLineParser.m */; };
/* End PBXBuildFile section */

/* Begin PBXCopyFilesBuildPhase section */
		0D8B46E71DAF954500DD16A9 /* CopyFiles */ = {
			isa = PBXCopyFilesBuildPhase;
			buildActionMask = 2147483647;
			dstPath = /usr/share/man/man1/;
			dstSubfolderSpec = 0;
			files = (
			);
			runOnlyForDeploymentPostprocessing = 1;
		};
/* End PBXCopyFilesBuildPhase section */

/* Begin PBXFileReference section */
		0D8B46E91DAF954500DD16A9 /* base62 */ = {isa = PBXFileReference; explicitFileType = "compiled.mach-o.executable"; includeInIndex = 0; path = base62; sourceTree = BUILT_PRODUCTS_DIR; };
		0D8B46EC1DAF954500DD16A9 /* main.m */ = {isa = PBXFileReference; lastKnownFileType = sourcecode.c.objc; path = main.m; sourceTree = "<group>"; };
		0D8B46F31DAF956E00DD16A9 /* NSString+Base62.h */ = {isa = PBXFileReference; fileEncoding = 4; lastKnownFileType = sourcecode.c.h; path = "NSString+Base62.h"; sourceTree = "<group>"; };
		0D8B46F41DAF956E00DD16A9 /* NSString+Base62.m */ = {isa = PBXFileReference; fileEncoding = 4; lastKnownFileType = sourcecode.c.objc; path = "NSString+Base62.m"; sourceTree = "<group>"; };
		0D8B46F61DAF98A000DD16A9 /* CommandLineParser.h */ = {isa = PBXFileReference; fileEncoding = 4; lastKnownFileType = sourcecode.c.h; path = CommandLineParser.h; sourceTree = "<group>"; };
		0D8B46F71DAF98A000DD16A9 /* CommandLineParser.m */ = {isa = PBXFileReference; fileEncoding = 4; lastKnownFileType = sourcecode.c.objc; path = CommandLineParser.m; sourceTree = "<group>"; };
/* End PBXFileReference section */

/* Begin PBXFrameworksBuildPhase section */
		0D8B46E61DAF954500DD16A9 /* Frameworks */ = {
			isa = PBXFrameworksBuildPhase;
			buildActionMask = 2147483647;
			files = (
			);
			runOnlyForDeploymentPostprocessing = 0;
		};
/* End PBXFrameworksBuildPhase section */

/* Begin PBXGroup section */
		0D8B46E01DAF954500DD16A9 = {
			isa = PBXGroup;
			children = (
				0D8B46EB1DAF954500DD16A9 /* base62 */,
				0D8B46EA1DAF954500DD16A9 /* Products */,
			);
			sourceTree = "<group>";
		};
		0D8B46EA1DAF954500DD16A9 /* Products */ = {
			isa = PBXGroup;
			children = (
				0D8B46E91DAF954500DD16A9 /* base62 */,
			);
			name = Products;
			sourceTree = "<group>";
		};
		0D8B46EB1DAF954500DD16A9 /* base62 */ = {
			isa = PBXGroup;
			children = (
				0D8B46F31DAF956E00DD16A9 /* NSString+Base62.h */,
				0D8B46F41DAF956E00DD16A9 /* NSString+Base62.m */,
				0D8B46EC1DAF954500DD16A9 /* main.m */,
				0D8B46F61DAF98A000DD16A9 /* CommandLineParser.h */,
				0D8B46F71DAF98A000DD16A9 /* CommandLineParser.m */,
			);
			path = base62;
			sourceTree = "<group>";
		};
/* End PBXGroup section */

/* Begin PBXNativeTarget section */
		0D8B46E81DAF954500DD16A9 /* base62 */ = {
			isa = PBXNativeTarget;
			buildConfigurationList = 0D8B46F01DAF954500DD16A9 /* Build configuration list for PBXNativeTarget "base62" */;
			buildPhases = (
				0D8B46E51DAF954500DD16A9 /* Sources */,
				0D8B46E61DAF954500DD16A9 /* Frameworks */,
				0D8B46E71DAF954500DD16A9 /* CopyFiles */,
			);
			buildRules = (
			);
			dependencies = (
			);
			name = base62;
			productName = base62;
			productReference = 0D8B46E91DAF954500DD16A9 /* base62 */;
			productType = "com.apple.product-type.tool";
		};
/* End PBXNativeTarget section */

/* Begin PBXProject section */
		0D8B46E11DAF954500DD16A9 /* Project object */ = {
			isa = PBXProject;
			attributes = {
				LastUpgradeCheck = 0810;
				ORGANIZATIONNAME = summerwu;
				TargetAttributes = {
					0D8B46E81DAF954500DD16A9 = {
						CreatedOnToolsVersion = 8.1;
						DevelopmentTeam = YN38FGU2GJ;
						ProvisioningStyle = Automatic;
					};
				};
			};
			buildConfigurationList = 0D8B46E41DAF954500DD16A9 /* Build configuration list for PBXProject "base62" */;
			compatibilityVersion = "Xcode 3.2";
			developmentRegion = English;
			hasScannedForEncodings = 0;
			knownRegions = (
				en,
			);
			mainGroup = 0D8B46E01DAF954500DD16A9;
			productRefGroup = 0D8B46EA1DAF954500DD16A9 /* Products */;
			projectDirPath = "";
			projectRoot = "";
			targets = (
				0D8B46E81DAF954500DD16A9 /* base62 */,
			);
		};
/* End PBXProject section */

/* Begin PBXSourcesBuildPhase section */
		0D8B46E51DAF954500DD16A9 /* Sources */ = {
			isa = PBXSourcesBuildPhase;
			buildActionMask = 2147483647;
			files = (
				0D8B46F51DAF956E00DD16A9 /* NSString+Base62.m in Sources */,
				0D8B46ED1DAF954500DD16A9 /* main.m in Sources */,
				0D8B46F81DAF98A000DD16A9 /* CommandLineParser.m in Sources */,
			);
			runOnlyForDeploymentPostprocessing = 0;
		};
/* End PBXSourcesBuildPhase section */

/* Begin XCBuildConfiguration section */
		0D8B46EE1DAF954500DD16A9 /* Debug */ = {
			isa = XCBuildConfiguration;
			buildSettings = {
				ALWAYS_SEARCH_USER_PATHS = NO;
				CLANG_ANALYZER_NONNULL = YES;
				CLANG_CXX_LANGUAGE_STANDARD = "gnu++0x";
				CLANG_CXX_LIBRARY = "libc++";
				CLANG_ENABLE_MODULES = YES;
				CLANG_ENABLE_OBJC_ARC = YES;
				CLANG_WARN_BOOL_CONVERSION = YES;
				CLANG_WARN_CONSTANT_CONVERSION = YES;
				CLANG_WARN_DIRECT_OBJC_ISA_USAGE = YES_ERROR;
				CLANG_WARN_DOCUMENTATION_COMMENTS = YES;
				CLANG_WARN_EMPTY_BODY = YES;
				CLANG_WARN_ENUM_CONVERSION = YES;
				CLANG_WARN_INFINITE_RECURSION = YES;
				CLANG_WARN_INT_CONVERSION = YES;
				CLANG_WARN_OBJC_ROOT_CLASS = YES_ERROR;
				CLANG_WARN_SUSPICIOUS_MOVES = YES;
				CLANG_WARN_UNREACHABLE_CODE = YES;
				CLANG_WARN__DUPLICATE_METHOD_MATCH = YES;
				CODE_SIGN_IDENTITY = "-";
				COPY_PHASE_STRIP = NO;
				DEBUG_INFORMATION_FORMAT = dwarf;
				ENABLE_STRICT_OBJC_MSGSEND = YES;
				ENABLE_TESTABILITY = YES;
				GCC_C_LANGUAGE_STANDARD = gnu99;
				GCC_DYNAMIC_NO_PIC = NO;
				GCC_NO_COMMON_BLOCKS = YES;
				GCC_OPTIMIZATION_LEVEL = 0;
				GCC_PREPROCESSOR_DEFINITIONS = (
					"DEBUG=1",
					"$(inherited)",
				);
				GCC_WARN_64_TO_32_BIT_CONVERSION = YES;
				GCC_WARN_ABOUT_RETURN_TYPE = YES_ERROR;
				GCC_WARN_UNDECLARED_SELECTOR = YES;
				GCC_WARN_UNINITIALIZED_AUTOS = YES_AGGRESSIVE;
				GCC_WARN_UNUSED_FUNCTION = YES;
				GCC_WARN_UNUSED_VARIABLE = YES;
				MACOSX_DEPLOYMENT_TARGET = 10.11;
				MTL_ENABLE_DEBUG_INFO = YES;
				ONLY_ACTIVE_ARCH = YES;
				SDKROOT = macosx;
			};
			name = Debug;
		};
		0D8B46EF1DAF954500DD16A9 /* Release */ = {
			isa = XCBuildConfiguration;
			buildSettings = {
				ALWAYS_SEARCH_USER_PATHS = NO;
				CLANG_ANALYZER_NONNULL = YES;
				CLANG_CXX_LANGUAGE_STANDARD = "gnu++0x";
				CLANG_CXX_LIBRARY = "libc++";
				CLANG_ENABLE_MODULES = YES;
				CLANG_ENABLE_OBJC_ARC = YES;
				CLANG_WARN_BOOL_CONVERSION = YES;
				CLANG_WARN_CONSTANT_CONVERSION = YES;
				CLANG_WARN_DIRECT_OBJC_ISA_USAGE = YES_ERROR;
				CLANG_WARN_DOCUMENTATION_COMMENTS = YES;
				CLANG_WARN_EMPTY_BODY = YES;
				CLANG_WARN_ENUM_CONVERSION = YES;
				CLANG_WARN_INFINITE_RECURSION = YES;
				CLANG_WARN_INT_CONVERSION = YES;
				CLANG_WARN_OBJC_ROOT_CLASS = YES_ERROR;
				CLANG_WARN_SUSPICIOUS_MOVES = YES;
				CLANG_WARN_UNREACHABLE_CODE = YES;
				CLANG_WARN__DUPLICATE_METHOD_MATCH = YES;
				CODE_SIGN_IDENTITY = "-";
				COPY_PHASE_STRIP = NO;
				DEBUG_INFORMATION_FORMAT = "dwarf-with-dsym";
				ENABLE_NS_ASSERTIONS = NO;
				ENABLE_STRICT_OBJC_MSGSEND = YES;
				GCC_C_LANGUAGE_STANDARD = gnu99;
				GCC_NO_COMMON_BLOCKS = YES;
				GCC_WARN_64_TO_32_BIT_CONVERSION = YES;
				GCC_WARN_ABOUT_RETURN_TYPE = YES_ERROR;
				GCC_WARN_UNDECLARED_SELECTOR = YES;
				GCC_WARN_UNINITIALIZED_AUTOS = YES_AGGRESSIVE;
				GCC_WARN_UNUSED_FUNCTION = YES;
				GCC_WARN_UNUSED_VARIABLE = YES;
				MACOSX_DEPLOYMENT_TARGET = 10.11;
				MTL_ENABLE_DEBUG_INFO = NO;
				SDKROOT = macosx;
			};
			name = Release;
		};
		0D8B46F11DAF954500DD16A9 /* Debug */ = {
			isa = XCBuildConfiguration;
			buildSettings = {
				DEVELOPMENT_TEAM = YN38FGU2GJ;
				PRODUCT_NAME = "$(TARGET_NAME)";
			};
			name = Debug;
		};
		0D8B46F21DAF954500DD16A9 /* Release */ = {
			isa = XCBuildConfiguration;
			buildSettings = {
				DEVELOPMENT_TEAM = YN38FGU2GJ;
				PRODUCT_NAME = "$(TARGET_NAME)";
			};
			name = Release;
		};
/* End XCBuildConfiguration section */

/* Begin XCConfigurationList section */
		0D8B46E41DAF954500DD16A9 /* Build configuration list for PBXProject "base62" */ = {
			isa = XCConfigurationList;
			buildConfigurations = (
				0D8B46EE1DAF954500DD16A9 /* Debug */,
				0D8B46EF1DAF954500DD16A9 /* Release */,
			);
			defaultConfigurationIsVisible = 0;
			defaultConfigurationName = Release;
		};
		0D8B46F01DAF954500DD16A9 /* Build configuration list for PBXNativeTarget "base62" */ = {
			isa = XCConfigurationList;
			buildConfigurations = (
				0D8B46F11DAF954500DD16A9 /* Debug */,
				0D8B46F21DAF954500DD16A9 /* Release */,
			);
			defaultConfigurationIsVisible = 0;
		};
/* End XCConfigurationList section */
	};
	rootObject = 0D8B46E11DAF954500DD16A9 /* Project object */;
}
